
Microsoft Visual Studio Solution File, Format Version 12.00
# Visual Studio Version 17
VisualStudioVersion = 17.0.31903.59
MinimumVisualStudioVersion = 10.0.40219.1
Project("{2150E333-8FDC-42A3-9474-1A3956D46DE8}") = "tests", "tests", "{0AB3BF05-4346-4AA6-1389-037BE0695223}"
EndProject
Project("{FAE04EC0-301F-11D3-BF4B-00C04F79EFBC}") = "Hive.Tests", "tests\Hive.Tests\Hive.Tests.csproj", "{D49CC5CF-1462-4582-BB0A-267632F430BB}"
EndProject
Project("{2150E333-8FDC-42A3-9474-1A3956D46DE8}") = "src", "src", "{827E0CD3-B72D-47B6-A68D-7590B98EB39B}"
EndProject
Project("{FAE04EC0-301F-11D3-BF4B-00C04F79EFBC}") = "Hive.Domain", "src\Hive.Domain\Hive.Domain.csproj", "{3198D647-40D7-48AD-B6D8-4B642F0107D7}"
EndProject
Project("{FAE04EC0-301F-11D3-BF4B-00C04F79EFBC}") = "Hive.Actors", "src\Hive.Actors\Hive.Actors.csproj", "{A691A2EC-5072-4C5B-BB4A-FA9705054CE9}"
EndProject
Project("{FAE04EC0-301F-11D3-BF4B-00C04F79EFBC}") = "Hive.Infrastructure", "src\Hive.Infrastructure\Hive.Infrastructure.csproj", "{BF375F3E-9337-4DCE-8600-93E4E014F221}"
EndProject
Project("{FAE04EC0-301F-11D3-BF4B-00C04F79EFBC}") = "Hive.Api", "src\Hive.Api\Hive.Api.csproj", "{3EC47ACD-7A1D-4DB9-A110-65BA557A0605}"
EndProject
Project("{FAE04EC0-301F-11D3-BF4B-00C04F79EFBC}") = "Hive.Worker", "src\Hive.Worker\Hive.Worker.csproj", "{2E2F658A-7D0D-468F-8772-6BD22BC2F947}"
EndProject
Project("{FAE04EC0-301F-11D3-BF4B-00C04F79EFBC}") = "Hive.DemoClient", "src\Hive.DemoClient\Hive.DemoClient.csproj", "{FEC7C981-B143-4460-83E3-26BB21017E0B}"
EndProject
Project("{FAE04EC0-301F-11D3-BF4B-00C04F79EFBC}") = "Hive.DemoClient.Tests", "tests\Hive.DemoClient.Tests\Hive.DemoClient.Tests.csproj", "{2B79599B-8AD7-45A9-AAE0-9858717241FD}"
EndProject
Global
	GlobalSection(SolutionConfigurationPlatforms) = preSolution
		Debug|Any CPU = Debug|Any CPU
		Debug|x64 = Debug|x64
		Debug|x86 = Debug|x86
		Release|Any CPU = Release|Any CPU
		Release|x64 = Release|x64
		Release|x86 = Release|x86
	EndGlobalSection
	GlobalSection(ProjectConfigurationPlatforms) = postSolution
		{D49CC5CF-1462-4582-BB0A-267632F430BB}.Debug|Any CPU.ActiveCfg = Debug|Any CPU
		{D49CC5CF-1462-4582-BB0A-267632F430BB}.Debug|Any CPU.Build.0 = Debug|Any CPU
		{D49CC5CF-1462-4582-BB0A-267632F430BB}.Debug|x64.ActiveCfg = Debug|Any CPU
		{D49CC5CF-1462-4582-BB0A-267632F430BB}.Debug|x64.Build.0 = Debug|Any CPU
		{D49CC5CF-1462-4582-BB0A-267632F430BB}.Debug|x86.ActiveCfg = Debug|Any CPU
		{D49CC5CF-1462-4582-BB0A-267632F430BB}.Debug|x86.Build.0 = Debug|Any CPU
		{D49CC5CF-1462-4582-BB0A-267632F430BB}.Release|Any CPU.ActiveCfg = Release|Any CPU
		{D49CC5CF-1462-4582-BB0A-267632F430BB}.Release|Any CPU.Build.0 = Release|Any CPU
		{D49CC5CF-1462-4582-BB0A-267632F430BB}.Release|x64.ActiveCfg = Release|Any CPU
		{D49CC5CF-1462-4582-BB0A-267632F430BB}.Release|x64.Build.0 = Release|Any CPU
		{D49CC5CF-1462-4582-BB0A-267632F430BB}.Release|x86.ActiveCfg = Release|Any CPU
		{D49CC5CF-1462-4582-BB0A-267632F430BB}.Release|x86.Build.0 = Release|Any CPU
		{3198D647-40D7-48AD-B6D8-4B642F0107D7}.Debug|Any CPU.ActiveCfg = Debug|Any CPU
		{3198D647-40D7-48AD-B6D8-4B642F0107D7}.Debug|Any CPU.Build.0 = Debug|Any CPU
		{3198D647-40D7-48AD-B6D8-4B642F0107D7}.Debug|x64.ActiveCfg = Debug|Any CPU
		{3198D647-40D7-48AD-B6D8-4B642F0107D7}.Debug|x64.Build.0 = Debug|Any CPU
		{3198D647-40D7-48AD-B6D8-4B642F0107D7}.Debug|x86.ActiveCfg = Debug|Any CPU
		{3198D647-40D7-48AD-B6D8-4B642F0107D7}.Debug|x86.Build.0 = Debug|Any CPU
		{3198D647-40D7-48AD-B6D8-4B642F0107D7}.Release|Any CPU.ActiveCfg = Release|Any CPU
		{3198D647-40D7-48AD-B6D8-4B642F0107D7}.Release|Any CPU.Build.0 = Release|Any CPU
		{3198D647-40D7-48AD-B6D8-4B642F0107D7}.Release|x64.ActiveCfg = Release|Any CPU
		{3198D647-40D7-48AD-B6D8-4B642F0107D7}.Release|x64.Build.0 = Release|Any CPU
		{3198D647-40D7-48AD-B6D8-4B642F0107D7}.Release|x86.ActiveCfg = Release|Any CPU
		{3198D647-40D7-48AD-B6D8-4B642F0107D7}.Release|x86.Build.0 = Release|Any CPU
		{A691A2EC-5072-4C5B-BB4A-FA9705054CE9}.Debug|Any CPU.ActiveCfg = Debug|Any CPU
		{A691A2EC-5072-4C5B-BB4A-FA9705054CE9}.Debug|Any CPU.Build.0 = Debug|Any CPU
		{A691A2EC-5072-4C5B-BB4A-FA9705054CE9}.Debug|x64.ActiveCfg = Debug|Any CPU
		{A691A2EC-5072-4C5B-BB4A-FA9705054CE9}.Debug|x64.Build.0 = Debug|Any CPU
		{A691A2EC-5072-4C5B-BB4A-FA9705054CE9}.Debug|x86.ActiveCfg = Debug|Any CPU
		{A691A2EC-5072-4C5B-BB4A-FA9705054CE9}.Debug|x86.Build.0 = Debug|Any CPU
		{A691A2EC-5072-4C5B-BB4A-FA9705054CE9}.Release|Any CPU.ActiveCfg = Release|Any CPU
		{A691A2EC-5072-4C5B-BB4A-FA9705054CE9}.Release|Any CPU.Build.0 = Release|Any CPU
		{A691A2EC-5072-4C5B-BB4A-FA9705054CE9}.Release|x64.ActiveCfg = Release|Any CPU
		{A691A2EC-5072-4C5B-BB4A-FA9705054CE9}.Release|x64.Build.0 = Release|Any CPU
		{A691A2EC-5072-4C5B-BB4A-FA9705054CE9}.Release|x86.ActiveCfg = Release|Any CPU
		{A691A2EC-5072-4C5B-BB4A-FA9705054CE9}.Release|x86.Build.0 = Release|Any CPU
		{BF375F3E-9337-4DCE-8600-93E4E014F221}.Debug|Any CPU.ActiveCfg = Debug|Any CPU
		{BF375F3E-9337-4DCE-8600-93E4E014F221}.Debug|Any CPU.Build.0 = Debug|Any CPU
		{BF375F3E-9337-4DCE-8600-93E4E014F221}.Debug|x64.ActiveCfg = Debug|Any CPU
		{BF375F3E-9337-4DCE-8600-93E4E014F221}.Debug|x64.Build.0 = Debug|Any CPU
		{BF375F3E-9337-4DCE-8600-93E4E014F221}.Debug|x86.ActiveCfg = Debug|Any CPU
		{BF375F3E-9337-4DCE-8600-93E4E014F221}.Debug|x86.Build.0 = Debug|Any CPU
		{BF375F3E-9337-4DCE-8600-93E4E014F221}.Release|Any CPU.ActiveCfg = Release|Any CPU
		{BF375F3E-9337-4DCE-8600-93E4E014F221}.Release|Any CPU.Build.0 = Release|Any CPU
		{BF375F3E-9337-4DCE-8600-93E4E014F221}.Release|x64.ActiveCfg = Release|Any CPU
		{BF375F3E-9337-4DCE-8600-93E4E014F221}.Release|x64.Build.0 = Release|Any CPU
		{BF375F3E-9337-4DCE-8600-93E4E014F221}.Release|x86.ActiveCfg = Release|Any CPU
		{BF375F3E-9337-4DCE-8600-93E4E014F221}.Release|x86.Build.0 = Release|Any CPU
		{3EC47ACD-7A1D-4DB9-A110-65BA557A0605}.Debug|Any CPU.ActiveCfg = Debug|Any CPU
		{3EC47ACD-7A1D-4DB9-A110-65BA557A0605}.Debug|Any CPU.Build.0 = Debug|Any CPU
		{3EC47ACD-7A1D-4DB9-A110-65BA557A0605}.Debug|x64.ActiveCfg = Debug|Any CPU
		{3EC47ACD-7A1D-4DB9-A110-65BA557A0605}.Debug|x64.Build.0 = Debug|Any CPU
		{3EC47ACD-7A1D-4DB9-A110-65BA557A0605}.Debug|x86.ActiveCfg = Debug|Any CPU
		{3EC47ACD-7A1D-4DB9-A110-65BA557A0605}.Debug|x86.Build.0 = Debug|Any CPU
		{3EC47ACD-7A1D-4DB9-A110-65BA557A0605}.Release|Any CPU.ActiveCfg = Release|Any CPU
		{3EC47ACD-7A1D-4DB9-A110-65BA557A0605}.Release|Any CPU.Build.0 = Release|Any CPU
		{3EC47ACD-7A1D-4DB9-A110-65BA557A0605}.Release|x64.ActiveCfg = Release|Any CPU
		{3EC47ACD-7A1D-4DB9-A110-65BA557A0605}.Release|x64.Build.0 = Release|Any CPU
		{3EC47ACD-7A1D-4DB9-A110-65BA557A0605}.Release|x86.ActiveCfg = Release|Any CPU
		{3EC47ACD-7A1D-4DB9-A110-65BA557A0605}.Release|x86.Build.0 = Release|Any CPU
		{2E2F658A-7D0D-468F-8772-6BD22BC2F947}.Debug|Any CPU.ActiveCfg = Debug|Any CPU
		{2E2F658A-7D0D-468F-8772-6BD22BC2F947}.Debug|Any CPU.Build.0 = Debug|Any CPU
		{2E2F658A-7D0D-468F-8772-6BD22BC2F947}.Debug|x64.ActiveCfg = Debug|Any CPU
		{2E2F658A-7D0D-468F-8772-6BD22BC2F947}.Debug|x64.Build.0 = Debug|Any CPU
		{2E2F658A-7D0D-468F-8772-6BD22BC2F947}.Debug|x86.ActiveCfg = Debug|Any CPU
		{2E2F658A-7D0D-468F-8772-6BD22BC2F947}.Debug|x86.Build.0 = Debug|Any CPU
		{2E2F658A-7D0D-468F-8772-6BD22BC2F947}.Release|Any CPU.ActiveCfg = Release|Any CPU
		{2E2F658A-7D0D-468F-8772-6BD22BC2F947}.Release|Any CPU.Build.0 = Release|Any CPU
		{2E2F658A-7D0D-468F-8772-6BD22BC2F947}.Release|x64.ActiveCfg = Release|Any CPU
		{2E2F658A-7D0D-468F-8772-6BD22BC2F947}.Release|x64.Build.0 = Release|Any CPU
		{2E2F658A-7D0D-468F-8772-6BD22BC2F947}.Release|x86.ActiveCfg = Release|Any CPU
		{2E2F658A-7D0D-468F-8772-6BD22BC2F947}.Release|x86.Build.0 = Release|Any CPU
		{FEC7C981-B143-4460-83E3-26BB21017E0B}.Debug|Any CPU.ActiveCfg = Debug|Any CPU
		{FEC7C981-B143-4460-83E3-26BB21017E0B}.Debug|Any CPU.Build.0 = Debug|Any CPU
		{FEC7C981-B143-4460-83E3-26BB21017E0B}.Debug|x64.ActiveCfg = Debug|Any CPU
		{FEC7C981-B143-4460-83E3-26BB21017E0B}.Debug|x64.Build.0 = Debug|Any CPU
		{FEC7C981-B143-4460-83E3-26BB21017E0B}.Debug|x86.ActiveCfg = Debug|Any CPU
		{FEC7C981-B143-4460-83E3-26BB21017E0B}.Debug|x86.Build.0 = Debug|Any CPU
		{FEC7C981-B143-4460-83E3-26BB21017E0B}.Release|Any CPU.ActiveCfg = Release|Any CPU
		{FEC7C981-B143-4460-83E3-26BB21017E0B}.Release|Any CPU.Build.0 = Release|Any CPU
		{FEC7C981-B143-4460-83E3-26BB21017E0B}.Release|x64.ActiveCfg = Release|Any CPU
		{FEC7C981-B143-4460-83E3-26BB21017E0B}.Release|x64.Build.0 = Release|Any CPU
		{FEC7C981-B143-4460-83E3-26BB21017E0B}.Release|x86.ActiveCfg = Release|Any CPU
		{FEC7C981-B143-4460-83E3-26BB21017E0B}.Release|x86.Build.0 = Release|Any CPU
		{2B79599B-8AD7-45A9-AAE0-9858717241FD}.Debug|Any CPU.ActiveCfg = Debug|Any CPU
		{2B79599B-8AD7-45A9-AAE0-9858717241FD}.Debug|Any CPU.Build.0 = Debug|Any CPU
		{2B79599B-8AD7-45A9-AAE0-9858717241FD}.Debug|x64.ActiveCfg = Debug|Any CPU
		{2B79599B-8AD7-45A9-AAE0-9858717241FD}.Debug|x64.Build.0 = Debug|Any CPU
		{2B79599B-8AD7-45A9-AAE0-9858717241FD}.Debug|x86.ActiveCfg = Debug|Any CPU
		{2B79599B-8AD7-45A9-AAE0-9858717241FD}.Debug|x86.Build.0 = Debug|Any CPU
		{2B79599B-8AD7-45A9-AAE0-9858717241FD}.Release|Any CPU.ActiveCfg = Release|Any CPU
		{2B79599B-8AD7-45A9-AAE0-9858717241FD}.Release|Any CPU.Build.0 = Release|Any CPU
		{2B79599B-8AD7-45A9-AAE0-9858717241FD}.Release|x64.ActiveCfg = Release|Any CPU
		{2B79599B-8AD7-45A9-AAE0-9858717241FD}.Release|x64.Build.0 = Release|Any CPU
		{2B79599B-8AD7-45A9-AAE0-9858717241FD}.Release|x86.ActiveCfg = Release|Any CPU
		{2B79599B-8AD7-45A9-AAE0-9858717241FD}.Release|x86.Build.0 = Release|Any CPU
	EndGlobalSection
	GlobalSection(SolutionProperties) = preSolution
		HideSolutionNode = FALSE
	EndGlobalSection
	GlobalSection(NestedProjects) = preSolution
		{D49CC5CF-1462-4582-BB0A-267632F430BB} = {0AB3BF05-4346-4AA6-1389-037BE0695223}
		{3198D647-40D7-48AD-B6D8-4B642F0107D7} = {827E0CD3-B72D-47B6-A68D-7590B98EB39B}
		{A691A2EC-5072-4C5B-BB4A-FA9705054CE9} = {827E0CD3-B72D-47B6-A68D-7590B98EB39B}
		{BF375F3E-9337-4DCE-8600-93E4E014F221} = {827E0CD3-B72D-47B6-A68D-7590B98EB39B}
		{3EC47ACD-7A1D-4DB9-A110-65BA557A0605} = {827E0CD3-B72D-47B6-A68D-7590B98EB39B}
		{2E2F658A-7D0D-468F-8772-6BD22BC2F947} = {827E0CD3-B72D-47B6-A68D-7590B98EB39B}
		{FEC7C981-B143-4460-83E3-26BB21017E0B} = {827E0CD3-B72D-47B6-A68D-7590B98EB39B}
		{2B79599B-8AD7-45A9-AAE0-9858717241FD} = {0AB3BF05-4346-4AA6-1389-037BE0695223}
	EndGlobalSection
EndGlobal
